
Microsoft Visual Studio Solution File, Format Version 12.00
# Visual Studio Version 17
VisualStudioVersion = 17.10.35013.160
MinimumVisualStudioVersion = 10.0.40219.1
Project("{FAE04EC0-301F-11D3-BF4B-00C04F79EFBC}") = "WebApi", "WebApi\WebApi.csproj", "{8100B434-F332-4413-836E-F6688BF55BD8}"
EndProject
Project("{FAE04EC0-301F-11D3-BF4B-00C04F79EFBC}") = "Domain", "Domain\Domain.csproj", "{6F16E377-D8E4-4080-AA73-C6B65043D8A0}"
EndProject
Project("{FAE04EC0-301F-11D3-BF4B-00C04F79EFBC}") = "Infrastructure", "Infrastructure\Infrastructure.csproj", "{A141BAA6-00B4-497E-BAAD-39FDDED506AD}"
EndProject
Global
	GlobalSection(SolutionConfigurationPlatforms) = preSolution
		Debug|Any CPU = Debug|Any CPU
		Release|Any CPU = Release|Any CPU
	EndGlobalSection
	GlobalSection(ProjectConfigurationPlatforms) = postSolution
		{8100B434-F332-4413-836E-F6688BF55BD8}.Debug|Any CPU.ActiveCfg = Debug|Any CPU
		{8100B434-F332-4413-836E-F6688BF55BD8}.Debug|Any CPU.Build.0 = Debug|Any CPU
		{8100B434-F332-4413-836E-F6688BF55BD8}.Release|Any CPU.ActiveCfg = Release|Any CPU
		{8100B434-F332-4413-836E-F6688BF55BD8}.Release|Any CPU.Build.0 = Release|Any CPU
		{6F16E377-D8E4-4080-AA73-C6B65043D8A0}.Debug|Any CPU.ActiveCfg = Debug|Any CPU
		{6F16E377-D8E4-4080-AA73-C6B65043D8A0}.Debug|Any CPU.Build.0 = Debug|Any CPU
		{6F16E377-D8E4-4080-AA73-C6B65043D8A0}.Release|Any CPU.ActiveCfg = Release|Any CPU
		{6F16E377-D8E4-4080-AA73-C6B65043D8A0}.Release|Any CPU.Build.0 = Release|Any CPU
		{A141BAA6-00B4-497E-BAAD-39FDDED506AD}.Debug|Any CPU.ActiveCfg = Debug|Any CPU
		{A141BAA6-00B4-497E-BAAD-39FDDED506AD}.Debug|Any CPU.Build.0 = Debug|Any CPU
		{A141BAA6-00B4-497E-BAAD-39FDDED506AD}.Release|Any CPU.ActiveCfg = Release|Any CPU
		{A141BAA6-00B4-497E-BAAD-39FDDED506AD}.Release|Any CPU.Build.0 = Release|Any CPU
	EndGlobalSection
	GlobalSection(SolutionProperties) = preSolution
		HideSolutionNode = FALSE
	EndGlobalSection
	GlobalSection(ExtensibilityGlobals) = postSolution
		SolutionGuid = {C85D2D3A-B68B-4554-A770-C50D4DF47936}
	EndGlobalSection
EndGlobal
